
Microsoft Visual Studio Solution File, Format Version 12.00
# Visual Studio 2012
Project("{FAE04EC0-301F-11D3-BF4B-00C04F79EFBC}") = "Presentation", "OPMS Website\Presentation.csproj", "{8924DE09-70B1-4FDC-98AB-78D7500EBB46}"
EndProject
Project("{FAE04EC0-301F-11D3-BF4B-00C04F79EFBC}") = "DataAccess", "DataAccess\DataAccess.csproj", "{773BA5CE-DE88-40FB-9BD6-CFAC8B2F2AA7}"
EndProject
Project("{FAE04EC0-301F-11D3-BF4B-00C04F79EFBC}") = "Business", "Business\Business.csproj", "{08298AE5-A52B-4185-B768-2B903ED31539}"
EndProject
Project("{FAE04EC0-301F-11D3-BF4B-00C04F79EFBC}") = "DataTransferObject", "DataTransferObject\DataTransferObject.csproj", "{DB37679B-49BE-4350-908D-B06CBF911B5F}"
EndProject
Global
	GlobalSection(SolutionConfigurationPlatforms) = preSolution
		Debug|Any CPU = Debug|Any CPU
		Release|Any CPU = Release|Any CPU
	EndGlobalSection
	GlobalSection(ProjectConfigurationPlatforms) = postSolution
		{8924DE09-70B1-4FDC-98AB-78D7500EBB46}.Debug|Any CPU.ActiveCfg = Debug|Any CPU
		{8924DE09-70B1-4FDC-98AB-78D7500EBB46}.Debug|Any CPU.Build.0 = Debug|Any CPU
		{8924DE09-70B1-4FDC-98AB-78D7500EBB46}.Release|Any CPU.ActiveCfg = Release|Any CPU
		{8924DE09-70B1-4FDC-98AB-78D7500EBB46}.Release|Any CPU.Build.0 = Release|Any CPU
		{773BA5CE-DE88-40FB-9BD6-CFAC8B2F2AA7}.Debug|Any CPU.ActiveCfg = Debug|Any CPU
		{773BA5CE-DE88-40FB-9BD6-CFAC8B2F2AA7}.Debug|Any CPU.Build.0 = Debug|Any CPU
		{773BA5CE-DE88-40FB-9BD6-CFAC8B2F2AA7}.Release|Any CPU.ActiveCfg = Release|Any CPU
		{773BA5CE-DE88-40FB-9BD6-CFAC8B2F2AA7}.Release|Any CPU.Build.0 = Release|Any CPU
		{08298AE5-A52B-4185-B768-2B903ED31539}.Debug|Any CPU.ActiveCfg = Debug|Any CPU
		{08298AE5-A52B-4185-B768-2B903ED31539}.Debug|Any CPU.Build.0 = Debug|Any CPU
		{08298AE5-A52B-4185-B768-2B903ED31539}.Release|Any CPU.ActiveCfg = Release|Any CPU
		{08298AE5-A52B-4185-B768-2B903ED31539}.Release|Any CPU.Build.0 = Release|Any CPU
		{DB37679B-49BE-4350-908D-B06CBF911B5F}.Debug|Any CPU.ActiveCfg = Debug|Any CPU
		{DB37679B-49BE-4350-908D-B06CBF911B5F}.Debug|Any CPU.Build.0 = Debug|Any CPU
		{DB37679B-49BE-4350-908D-B06CBF911B5F}.Release|Any CPU.ActiveCfg = Release|Any CPU
		{DB37679B-49BE-4350-908D-B06CBF911B5F}.Release|Any CPU.Build.0 = Release|Any CPU
	EndGlobalSection
	GlobalSection(SolutionProperties) = preSolution
		HideSolutionNode = FALSE
	EndGlobalSection
EndGlobal
